// !$*UTF8*$!
{
	archiveVersion = 1;
	classes = {
	};
	objectVersion = 48;
	objects = {

/* Begin PBXBuildFile section */
		119C4E27D36A0186422BDFE0 /* Pods_iGram.framework in Frameworks */ = {isa = PBXBuildFile; fileRef = D4FDEF2033D1CCED10A301F7 /* Pods_iGram.framework */; };
		3331D1EF1F82566E0027BA11 /* AppDelegate.swift in Sources */ = {isa = PBXBuildFile; fileRef = 3331D1EE1F82566E0027BA11 /* AppDelegate.swift */; };
		3331D1F41F82566E0027BA11 /* Main.storyboard in Resources */ = {isa = PBXBuildFile; fileRef = 3331D1F21F82566E0027BA11 /* Main.storyboard */; };
		3331D1F61F82566E0027BA11 /* Assets.xcassets in Resources */ = {isa = PBXBuildFile; fileRef = 3331D1F51F82566E0027BA11 /* Assets.xcassets */; };
		3331D1F91F82566E0027BA11 /* LaunchScreen.storyboard in Resources */ = {isa = PBXBuildFile; fileRef = 3331D1F71F82566E0027BA11 /* LaunchScreen.storyboard */; };
		3331D2041F82566E0027BA11 /* iGramTests.swift in Sources */ = {isa = PBXBuildFile; fileRef = 3331D2031F82566E0027BA11 /* iGramTests.swift */; };
		3331D20F1F82566E0027BA11 /* iGramUITests.swift in Sources */ = {isa = PBXBuildFile; fileRef = 3331D20E1F82566E0027BA11 /* iGramUITests.swift */; };
		33BD01C31F8267CC0047132A /* MediaGalleryCollectionViewController.swift in Sources */ = {isa = PBXBuildFile; fileRef = 33BD01C21F8267CC0047132A /* MediaGalleryCollectionViewController.swift */; };
		33BD01C61F826A370047132A /* IGNetworkManager.swift in Sources */ = {isa = PBXBuildFile; fileRef = 33BD01C51F826A370047132A /* IGNetworkManager.swift */; };
		33BD01C81F826F470047132A /* IGNetworkRouter.swift in Sources */ = {isa = PBXBuildFile; fileRef = 33BD01C71F826F470047132A /* IGNetworkRouter.swift */; };
		33BD01CA1F8281850047132A /* IGLoginViewController.swift in Sources */ = {isa = PBXBuildFile; fileRef = 33BD01C91F8281850047132A /* IGLoginViewController.swift */; };
		33BD01CF1F8283C30047132A /* Localizable.strings in Resources */ = {isa = PBXBuildFile; fileRef = 33BD01CD1F8283C30047132A /* Localizable.strings */; };
		33BD01D51F82887F0047132A /* R.generated.swift in Sources */ = {isa = PBXBuildFile; fileRef = 33BD01D41F82887F0047132A /* R.generated.swift */; };
		33EF48071F82EB1F00E08295 /* MediaCollectionViewCell.swift in Sources */ = {isa = PBXBuildFile; fileRef = 33EF48061F82EB1F00E08295 /* MediaCollectionViewCell.swift */; };
		33F283061F82A3D0002E854B /* IGSettings.swift in Sources */ = {isa = PBXBuildFile; fileRef = 33F283051F82A3D0002E854B /* IGSettings.swift */; };
		33F283081F82B642002E854B /* SettingsTests.swift in Sources */ = {isa = PBXBuildFile; fileRef = 33F283071F82B642002E854B /* SettingsTests.swift */; };
		33F2830A1F82BD21002E854B /* IGUser.swift in Sources */ = {isa = PBXBuildFile; fileRef = 33F283091F82BD21002E854B /* IGUser.swift */; };
		33F2830C1F82CC07002E854B /* IGMedia.swift in Sources */ = {isa = PBXBuildFile; fileRef = 33F2830B1F82CC07002E854B /* IGMedia.swift */; };
		33F2830E1F82D6FA002E854B /* IGUserTests.swift in Sources */ = {isa = PBXBuildFile; fileRef = 33F2830D1F82D6FA002E854B /* IGUserTests.swift */; };
		33F283101F82D706002E854B /* IGMediaTests.swift in Sources */ = {isa = PBXBuildFile; fileRef = 33F2830F1F82D706002E854B /* IGMediaTests.swift */; };
		33F283121F82D8F1002E854B /* user.json in Resources */ = {isa = PBXBuildFile; fileRef = 33F283111F82D8F1002E854B /* user.json */; };
		33F283141F82DB73002E854B /* media.json in Resources */ = {isa = PBXBuildFile; fileRef = 33F283131F82DB73002E854B /* media.json */; };
		33F283161F82E192002E854B /* NetworkManagerTests.swift in Sources */ = {isa = PBXBuildFile; fileRef = 33F283151F82E192002E854B /* NetworkManagerTests.swift */; };
		B0609123CA8F2105B227F406 /* Pods_iGramUITests.framework in Frameworks */ = {isa = PBXBuildFile; fileRef = 287670DF2F18AACA9476B04F /* Pods_iGramUITests.framework */; };
		F20BFBC77196FC8E696AD7F4 /* Pods_iGramTests.framework in Frameworks */ = {isa = PBXBuildFile; fileRef = DC1E76D7E6431813AA50DA6E /* Pods_iGramTests.framework */; };
/* End PBXBuildFile section */

/* Begin PBXContainerItemProxy section */
		3331D2001F82566E0027BA11 /* PBXContainerItemProxy */ = {
			isa = PBXContainerItemProxy;
			containerPortal = 3331D1E31F82566E0027BA11 /* Project object */;
			proxyType = 1;
			remoteGlobalIDString = 3331D1EA1F82566E0027BA11;
			remoteInfo = iGram;
		};
		3331D20B1F82566E0027BA11 /* PBXContainerItemProxy */ = {
			isa = PBXContainerItemProxy;
			containerPortal = 3331D1E31F82566E0027BA11 /* Project object */;
			proxyType = 1;
			remoteGlobalIDString = 3331D1EA1F82566E0027BA11;
			remoteInfo = iGram;
		};
/* End PBXContainerItemProxy section */

/* Begin PBXFileReference section */
		1C38FA06B4475769B6259304 /* Pods-iGramUITests.release.xcconfig */ = {isa = PBXFileReference; includeInIndex = 1; lastKnownFileType = text.xcconfig; name = "Pods-iGramUITests.release.xcconfig"; path = "Pods/Target Support Files/Pods-iGramUITests/Pods-iGramUITests.release.xcconfig"; sourceTree = "<group>"; };
		287670DF2F18AACA9476B04F /* Pods_iGramUITests.framework */ = {isa = PBXFileReference; explicitFileType = wrapper.framework; includeInIndex = 0; path = Pods_iGramUITests.framework; sourceTree = BUILT_PRODUCTS_DIR; };
		3331D1EB1F82566E0027BA11 /* iGram.app */ = {isa = PBXFileReference; explicitFileType = wrapper.application; includeInIndex = 0; path = iGram.app; sourceTree = BUILT_PRODUCTS_DIR; };
		3331D1EE1F82566E0027BA11 /* AppDelegate.swift */ = {isa = PBXFileReference; lastKnownFileType = sourcecode.swift; path = AppDelegate.swift; sourceTree = "<group>"; };
		3331D1F31F82566E0027BA11 /* Base */ = {isa = PBXFileReference; lastKnownFileType = file.storyboard; name = Base; path = Base.lproj/Main.storyboard; sourceTree = "<group>"; };
		3331D1F51F82566E0027BA11 /* Assets.xcassets */ = {isa = PBXFileReference; lastKnownFileType = folder.assetcatalog; path = Assets.xcassets; sourceTree = "<group>"; };
		3331D1F81F82566E0027BA11 /* Base */ = {isa = PBXFileReference; lastKnownFileType = file.storyboard; name = Base; path = Base.lproj/LaunchScreen.storyboard; sourceTree = "<group>"; };
		3331D1FA1F82566E0027BA11 /* Info.plist */ = {isa = PBXFileReference; lastKnownFileType = text.plist.xml; path = Info.plist; sourceTree = "<group>"; };
		3331D1FF1F82566E0027BA11 /* iGramTests.xctest */ = {isa = PBXFileReference; explicitFileType = wrapper.cfbundle; includeInIndex = 0; path = iGramTests.xctest; sourceTree = BUILT_PRODUCTS_DIR; };
		3331D2031F82566E0027BA11 /* iGramTests.swift */ = {isa = PBXFileReference; lastKnownFileType = sourcecode.swift; path = iGramTests.swift; sourceTree = "<group>"; };
		3331D2051F82566E0027BA11 /* Info.plist */ = {isa = PBXFileReference; lastKnownFileType = text.plist.xml; path = Info.plist; sourceTree = "<group>"; };
		3331D20A1F82566E0027BA11 /* iGramUITests.xctest */ = {isa = PBXFileReference; explicitFileType = wrapper.cfbundle; includeInIndex = 0; path = iGramUITests.xctest; sourceTree = BUILT_PRODUCTS_DIR; };
		3331D20E1F82566E0027BA11 /* iGramUITests.swift */ = {isa = PBXFileReference; lastKnownFileType = sourcecode.swift; path = iGramUITests.swift; sourceTree = "<group>"; };
		3331D2101F82566E0027BA11 /* Info.plist */ = {isa = PBXFileReference; lastKnownFileType = text.plist.xml; path = Info.plist; sourceTree = "<group>"; };
		33BD01C21F8267CC0047132A /* MediaGalleryCollectionViewController.swift */ = {isa = PBXFileReference; lastKnownFileType = sourcecode.swift; path = MediaGalleryCollectionViewController.swift; sourceTree = "<group>"; };
		33BD01C51F826A370047132A /* IGNetworkManager.swift */ = {isa = PBXFileReference; lastKnownFileType = sourcecode.swift; path = IGNetworkManager.swift; sourceTree = "<group>"; };
		33BD01C71F826F470047132A /* IGNetworkRouter.swift */ = {isa = PBXFileReference; lastKnownFileType = sourcecode.swift; path = IGNetworkRouter.swift; sourceTree = "<group>"; };
		33BD01C91F8281850047132A /* IGLoginViewController.swift */ = {isa = PBXFileReference; lastKnownFileType = sourcecode.swift; path = IGLoginViewController.swift; sourceTree = "<group>"; };
		33BD01CE1F8283C30047132A /* Base */ = {isa = PBXFileReference; lastKnownFileType = text.plist.strings; name = Base; path = Base.lproj/Localizable.strings; sourceTree = "<group>"; };
		33BD01D01F8284250047132A /* en */ = {isa = PBXFileReference; lastKnownFileType = text.plist.strings; name = en; path = en.lproj/Localizable.strings; sourceTree = "<group>"; };
		33BD01D41F82887F0047132A /* R.generated.swift */ = {isa = PBXFileReference; fileEncoding = 4; lastKnownFileType = sourcecode.swift; path = R.generated.swift; sourceTree = SOURCE_ROOT; };
		33EF48061F82EB1F00E08295 /* MediaCollectionViewCell.swift */ = {isa = PBXFileReference; lastKnownFileType = sourcecode.swift; path = MediaCollectionViewCell.swift; sourceTree = "<group>"; };
		33F283051F82A3D0002E854B /* IGSettings.swift */ = {isa = PBXFileReference; fileEncoding = 4; lastKnownFileType = sourcecode.swift; path = IGSettings.swift; sourceTree = "<group>"; };
		33F283071F82B642002E854B /* SettingsTests.swift */ = {isa = PBXFileReference; lastKnownFileType = sourcecode.swift; path = SettingsTests.swift; sourceTree = "<group>"; };
		33F283091F82BD21002E854B /* IGUser.swift */ = {isa = PBXFileReference; lastKnownFileType = sourcecode.swift; path = IGUser.swift; sourceTree = "<group>"; };
		33F2830B1F82CC07002E854B /* IGMedia.swift */ = {isa = PBXFileReference; lastKnownFileType = sourcecode.swift; path = IGMedia.swift; sourceTree = "<group>"; };
		33F2830D1F82D6FA002E854B /* IGUserTests.swift */ = {isa = PBXFileReference; lastKnownFileType = sourcecode.swift; path = IGUserTests.swift; sourceTree = "<group>"; };
		33F2830F1F82D706002E854B /* IGMediaTests.swift */ = {isa = PBXFileReference; lastKnownFileType = sourcecode.swift; path = IGMediaTests.swift; sourceTree = "<group>"; };
		33F283111F82D8F1002E854B /* user.json */ = {isa = PBXFileReference; lastKnownFileType = text.json; path = user.json; sourceTree = "<group>"; };
		33F283131F82DB73002E854B /* media.json */ = {isa = PBXFileReference; lastKnownFileType = text.json; path = media.json; sourceTree = "<group>"; };
		33F283151F82E192002E854B /* NetworkManagerTests.swift */ = {isa = PBXFileReference; lastKnownFileType = sourcecode.swift; path = NetworkManagerTests.swift; sourceTree = "<group>"; };
		367537E083FC9EE32FC1A353 /* Pods-iGramTests.debug.xcconfig */ = {isa = PBXFileReference; includeInIndex = 1; lastKnownFileType = text.xcconfig; name = "Pods-iGramTests.debug.xcconfig"; path = "Pods/Target Support Files/Pods-iGramTests/Pods-iGramTests.debug.xcconfig"; sourceTree = "<group>"; };
		6C80681AFC4C27FF026EC8BC /* Pods-iGram.debug.xcconfig */ = {isa = PBXFileReference; includeInIndex = 1; lastKnownFileType = text.xcconfig; name = "Pods-iGram.debug.xcconfig"; path = "Pods/Target Support Files/Pods-iGram/Pods-iGram.debug.xcconfig"; sourceTree = "<group>"; };
		775CD0CB5E37C4457E021C7D /* Pods-iGram.release.xcconfig */ = {isa = PBXFileReference; includeInIndex = 1; lastKnownFileType = text.xcconfig; name = "Pods-iGram.release.xcconfig"; path = "Pods/Target Support Files/Pods-iGram/Pods-iGram.release.xcconfig"; sourceTree = "<group>"; };
		9D618FF69BB92B66B38FA138 /* Pods-iGramTests.release.xcconfig */ = {isa = PBXFileReference; includeInIndex = 1; lastKnownFileType = text.xcconfig; name = "Pods-iGramTests.release.xcconfig"; path = "Pods/Target Support Files/Pods-iGramTests/Pods-iGramTests.release.xcconfig"; sourceTree = "<group>"; };
		D3E6A1C79403DE71BB7E64BC /* Pods-iGramUITests.debug.xcconfig */ = {isa = PBXFileReference; includeInIndex = 1; lastKnownFileType = text.xcconfig; name = "Pods-iGramUITests.debug.xcconfig"; path = "Pods/Target Support Files/Pods-iGramUITests/Pods-iGramUITests.debug.xcconfig"; sourceTree = "<group>"; };
		D4FDEF2033D1CCED10A301F7 /* Pods_iGram.framework */ = {isa = PBXFileReference; explicitFileType = wrapper.framework; includeInIndex = 0; path = Pods_iGram.framework; sourceTree = BUILT_PRODUCTS_DIR; };
		DC1E76D7E6431813AA50DA6E /* Pods_iGramTests.framework */ = {isa = PBXFileReference; explicitFileType = wrapper.framework; includeInIndex = 0; path = Pods_iGramTests.framework; sourceTree = BUILT_PRODUCTS_DIR; };
/* End PBXFileReference section */

/* Begin PBXFrameworksBuildPhase section */
		3331D1E81F82566E0027BA11 /* Frameworks */ = {
			isa = PBXFrameworksBuildPhase;
			buildActionMask = 2147483647;
			files = (
				119C4E27D36A0186422BDFE0 /* Pods_iGram.framework in Frameworks */,
			);
			runOnlyForDeploymentPostprocessing = 0;
		};
		3331D1FC1F82566E0027BA11 /* Frameworks */ = {
			isa = PBXFrameworksBuildPhase;
			buildActionMask = 2147483647;
			files = (
				F20BFBC77196FC8E696AD7F4 /* Pods_iGramTests.framework in Frameworks */,
			);
			runOnlyForDeploymentPostprocessing = 0;
		};
		3331D2071F82566E0027BA11 /* Frameworks */ = {
			isa = PBXFrameworksBuildPhase;
			buildActionMask = 2147483647;
			files = (
				B0609123CA8F2105B227F406 /* Pods_iGramUITests.framework in Frameworks */,
			);
			runOnlyForDeploymentPostprocessing = 0;
		};
/* End PBXFrameworksBuildPhase section */

/* Begin PBXGroup section */
		256AE8C325880144E49F3898 /* Frameworks */ = {
			isa = PBXGroup;
			children = (
				D4FDEF2033D1CCED10A301F7 /* Pods_iGram.framework */,
				DC1E76D7E6431813AA50DA6E /* Pods_iGramTests.framework */,
				287670DF2F18AACA9476B04F /* Pods_iGramUITests.framework */,
			);
			name = Frameworks;
			sourceTree = "<group>";
		};
		3331D1E21F82566E0027BA11 = {
			isa = PBXGroup;
			children = (
				3331D1ED1F82566E0027BA11 /* iGram */,
				3331D2021F82566E0027BA11 /* iGramTests */,
				3331D20D1F82566E0027BA11 /* iGramUITests */,
				3331D1EC1F82566E0027BA11 /* Products */,
				C53DFB7AFD8A01377CE2B2DD /* Pods */,
				256AE8C325880144E49F3898 /* Frameworks */,
			);
			sourceTree = "<group>";
		};
		3331D1EC1F82566E0027BA11 /* Products */ = {
			isa = PBXGroup;
			children = (
				3331D1EB1F82566E0027BA11 /* iGram.app */,
				3331D1FF1F82566E0027BA11 /* iGramTests.xctest */,
				3331D20A1F82566E0027BA11 /* iGramUITests.xctest */,
			);
			name = Products;
			sourceTree = "<group>";
		};
		3331D1ED1F82566E0027BA11 /* iGram */ = {
			isa = PBXGroup;
			children = (
				33BD01D41F82887F0047132A /* R.generated.swift */,
				33BD01C41F8269DA0047132A /* Networking */,
				3331D2221F825E110027BA11 /* Objects */,
				3331D21C1F825E110027BA11 /* Other Views */,
				3331D2211F825E110027BA11 /* Storage */,
				3331D2201F825E110027BA11 /* Utilities */,
				3331D21E1F825E110027BA11 /* View Controllers */,
				3331D1EE1F82566E0027BA11 /* AppDelegate.swift */,
				3331D1F21F82566E0027BA11 /* Main.storyboard */,
				33BD01CD1F8283C30047132A /* Localizable.strings */,
				3331D1F51F82566E0027BA11 /* Assets.xcassets */,
				3331D1F71F82566E0027BA11 /* LaunchScreen.storyboard */,
				3331D1FA1F82566E0027BA11 /* Info.plist */,
			);
			path = iGram;
			sourceTree = "<group>";
		};
		3331D2021F82566E0027BA11 /* iGramTests */ = {
			isa = PBXGroup;
			children = (
				33F283151F82E192002E854B /* NetworkManagerTests.swift */,
				33F2830F1F82D706002E854B /* IGMediaTests.swift */,
				33F2830D1F82D6FA002E854B /* IGUserTests.swift */,
				33F283071F82B642002E854B /* SettingsTests.swift */,
				3331D2031F82566E0027BA11 /* iGramTests.swift */,
				3331D2051F82566E0027BA11 /* Info.plist */,
				33F283111F82D8F1002E854B /* user.json */,
				33F283131F82DB73002E854B /* media.json */,
			);
			path = iGramTests;
			sourceTree = "<group>";
		};
		3331D20D1F82566E0027BA11 /* iGramUITests */ = {
			isa = PBXGroup;
			children = (
				3331D20E1F82566E0027BA11 /* iGramUITests.swift */,
				3331D2101F82566E0027BA11 /* Info.plist */,
			);
			path = iGramUITests;
			sourceTree = "<group>";
		};
		3331D21C1F825E110027BA11 /* Other Views */ = {
			isa = PBXGroup;
			children = (
				33EF48061F82EB1F00E08295 /* MediaCollectionViewCell.swift */,
			);
			path = "Other Views";
			sourceTree = "<group>";
		};
		3331D21E1F825E110027BA11 /* View Controllers */ = {
			isa = PBXGroup;
			children = (
				33BD01C21F8267CC0047132A /* MediaGalleryCollectionViewController.swift */,
				33BD01C91F8281850047132A /* IGLoginViewController.swift */,
			);
			path = "View Controllers";
			sourceTree = "<group>";
		};
		3331D2201F825E110027BA11 /* Utilities */ = {
			isa = PBXGroup;
			children = (
			);
			path = Utilities;
			sourceTree = "<group>";
		};
		3331D2211F825E110027BA11 /* Storage */ = {
			isa = PBXGroup;
			children = (
				33F283051F82A3D0002E854B /* IGSettings.swift */,
			);
			path = Storage;
			sourceTree = "<group>";
		};
		3331D2221F825E110027BA11 /* Objects */ = {
			isa = PBXGroup;
			children = (
				33F283091F82BD21002E854B /* IGUser.swift */,
				33F2830B1F82CC07002E854B /* IGMedia.swift */,
			);
			path = Objects;
			sourceTree = "<group>";
		};
		33BD01C41F8269DA0047132A /* Networking */ = {
			isa = PBXGroup;
			children = (
				33BD01C51F826A370047132A /* IGNetworkManager.swift */,
				33BD01C71F826F470047132A /* IGNetworkRouter.swift */,
			);
			path = Networking;
			sourceTree = "<group>";
		};
		C53DFB7AFD8A01377CE2B2DD /* Pods */ = {
			isa = PBXGroup;
			children = (
				6C80681AFC4C27FF026EC8BC /* Pods-iGram.debug.xcconfig */,
				775CD0CB5E37C4457E021C7D /* Pods-iGram.release.xcconfig */,
				367537E083FC9EE32FC1A353 /* Pods-iGramTests.debug.xcconfig */,
				9D618FF69BB92B66B38FA138 /* Pods-iGramTests.release.xcconfig */,
				D3E6A1C79403DE71BB7E64BC /* Pods-iGramUITests.debug.xcconfig */,
				1C38FA06B4475769B6259304 /* Pods-iGramUITests.release.xcconfig */,
			);
			name = Pods;
			sourceTree = "<group>";
		};
/* End PBXGroup section */

/* Begin PBXNativeTarget section */
		3331D1EA1F82566E0027BA11 /* iGram */ = {
			isa = PBXNativeTarget;
			buildConfigurationList = 3331D2131F82566E0027BA11 /* Build configuration list for PBXNativeTarget "iGram" */;
			buildPhases = (
				45ADF167796747344F357692 /* [CP] Check Pods Manifest.lock */,
				33BD01D31F8287A10047132A /* ShellScript */,
				3331D1E71F82566E0027BA11 /* Sources */,
				3331D1E81F82566E0027BA11 /* Frameworks */,
				3331D1E91F82566E0027BA11 /* Resources */,
				649EB64E00C105EF6727B812 /* [CP] Embed Pods Frameworks */,
				64C03765BA433B69FD1DF5EB /* [CP] Copy Pods Resources */,
			);
			buildRules = (
			);
			dependencies = (
			);
			name = iGram;
			productName = iGram;
			productReference = 3331D1EB1F82566E0027BA11 /* iGram.app */;
			productType = "com.apple.product-type.application";
		};
		3331D1FE1F82566E0027BA11 /* iGramTests */ = {
			isa = PBXNativeTarget;
			buildConfigurationList = 3331D2161F82566E0027BA11 /* Build configuration list for PBXNativeTarget "iGramTests" */;
			buildPhases = (
				97CB926AE73A466F521993C6 /* [CP] Check Pods Manifest.lock */,
				3331D1FB1F82566E0027BA11 /* Sources */,
				3331D1FC1F82566E0027BA11 /* Frameworks */,
				3331D1FD1F82566E0027BA11 /* Resources */,
				4C9AAB72188EBA569014677C /* [CP] Embed Pods Frameworks */,
				C3BCFF04CBC06D3B6986B2C9 /* [CP] Copy Pods Resources */,
			);
			buildRules = (
			);
			dependencies = (
				3331D2011F82566E0027BA11 /* PBXTargetDependency */,
			);
			name = iGramTests;
			productName = iGramTests;
			productReference = 3331D1FF1F82566E0027BA11 /* iGramTests.xctest */;
			productType = "com.apple.product-type.bundle.unit-test";
		};
		3331D2091F82566E0027BA11 /* iGramUITests */ = {
			isa = PBXNativeTarget;
			buildConfigurationList = 3331D2191F82566E0027BA11 /* Build configuration list for PBXNativeTarget "iGramUITests" */;
			buildPhases = (
				D213E31159255CAEEF6D3E89 /* [CP] Check Pods Manifest.lock */,
				3331D2061F82566E0027BA11 /* Sources */,
				3331D2071F82566E0027BA11 /* Frameworks */,
				3331D2081F82566E0027BA11 /* Resources */,
				26CDBEF7D814C49BD6AC4205 /* [CP] Embed Pods Frameworks */,
				C1B2A7D61F62D17DC2BAA687 /* [CP] Copy Pods Resources */,
			);
			buildRules = (
			);
			dependencies = (
				3331D20C1F82566E0027BA11 /* PBXTargetDependency */,
			);
			name = iGramUITests;
			productName = iGramUITests;
			productReference = 3331D20A1F82566E0027BA11 /* iGramUITests.xctest */;
			productType = "com.apple.product-type.bundle.ui-testing";
		};
/* End PBXNativeTarget section */

/* Begin PBXProject section */
		3331D1E31F82566E0027BA11 /* Project object */ = {
			isa = PBXProject;
			attributes = {
				LastSwiftUpdateCheck = 0900;
				LastUpgradeCheck = 0900;
				ORGANIZATIONNAME = iGenius;
				TargetAttributes = {
					3331D1EA1F82566E0027BA11 = {
						CreatedOnToolsVersion = 9.0;
						ProvisioningStyle = Automatic;
					};
					3331D1FE1F82566E0027BA11 = {
						CreatedOnToolsVersion = 9.0;
						ProvisioningStyle = Automatic;
						TestTargetID = 3331D1EA1F82566E0027BA11;
					};
					3331D2091F82566E0027BA11 = {
						CreatedOnToolsVersion = 9.0;
						ProvisioningStyle = Automatic;
						TestTargetID = 3331D1EA1F82566E0027BA11;
					};
				};
			};
			buildConfigurationList = 3331D1E61F82566E0027BA11 /* Build configuration list for PBXProject "iGram" */;
			compatibilityVersion = "Xcode 8.0";
			developmentRegion = en;
			hasScannedForEncodings = 0;
			knownRegions = (
				en,
				Base,
			);
			mainGroup = 3331D1E21F82566E0027BA11;
			productRefGroup = 3331D1EC1F82566E0027BA11 /* Products */;
			projectDirPath = "";
			projectRoot = "";
			targets = (
				3331D1EA1F82566E0027BA11 /* iGram */,
				3331D1FE1F82566E0027BA11 /* iGramTests */,
				3331D2091F82566E0027BA11 /* iGramUITests */,
			);
		};
/* End PBXProject section */

/* Begin PBXResourcesBuildPhase section */
		3331D1E91F82566E0027BA11 /* Resources */ = {
			isa = PBXResourcesBuildPhase;
			buildActionMask = 2147483647;
			files = (
				3331D1F91F82566E0027BA11 /* LaunchScreen.storyboard in Resources */,
				33BD01CF1F8283C30047132A /* Localizable.strings in Resources */,
				3331D1F61F82566E0027BA11 /* Assets.xcassets in Resources */,
				3331D1F41F82566E0027BA11 /* Main.storyboard in Resources */,
			);
			runOnlyForDeploymentPostprocessing = 0;
		};
		3331D1FD1F82566E0027BA11 /* Resources */ = {
			isa = PBXResourcesBuildPhase;
			buildActionMask = 2147483647;
			files = (
				33F283141F82DB73002E854B /* media.json in Resources */,
				33F283121F82D8F1002E854B /* user.json in Resources */,
			);
			runOnlyForDeploymentPostprocessing = 0;
		};
		3331D2081F82566E0027BA11 /* Resources */ = {
			isa = PBXResourcesBuildPhase;
			buildActionMask = 2147483647;
			files = (
			);
			runOnlyForDeploymentPostprocessing = 0;
		};
/* End PBXResourcesBuildPhase section */

/* Begin PBXShellScriptBuildPhase section */
		26CDBEF7D814C49BD6AC4205 /* [CP] Embed Pods Frameworks */ = {
			isa = PBXShellScriptBuildPhase;
			buildActionMask = 2147483647;
			files = (
			);
			inputPaths = (
			);
			name = "[CP] Embed Pods Frameworks";
			outputPaths = (
			);
			runOnlyForDeploymentPostprocessing = 0;
			shellPath = /bin/sh;
			shellScript = "\"${SRCROOT}/Pods/Target Support Files/Pods-iGramUITests/Pods-iGramUITests-frameworks.sh\"\n";
			showEnvVarsInLog = 0;
		};
		33BD01D31F8287A10047132A /* ShellScript */ = {
			isa = PBXShellScriptBuildPhase;
			buildActionMask = 2147483647;
			files = (
			);
			inputPaths = (
			);
			outputPaths = (
			);
			runOnlyForDeploymentPostprocessing = 0;
			shellPath = /bin/sh;
			shellScript = "\"$PODS_ROOT/R.swift/rswift\" generate \"$SRCROOT\"";
		};
		45ADF167796747344F357692 /* [CP] Check Pods Manifest.lock */ = {
			isa = PBXShellScriptBuildPhase;
			buildActionMask = 2147483647;
			files = (
			);
			inputPaths = (
				"${PODS_PODFILE_DIR_PATH}/Podfile.lock",
				"${PODS_ROOT}/Manifest.lock",
			);
			name = "[CP] Check Pods Manifest.lock";
			outputPaths = (
				"$(DERIVED_FILE_DIR)/Pods-iGram-checkManifestLockResult.txt",
			);
			runOnlyForDeploymentPostprocessing = 0;
			shellPath = /bin/sh;
			shellScript = "diff \"${PODS_PODFILE_DIR_PATH}/Podfile.lock\" \"${PODS_ROOT}/Manifest.lock\" > /dev/null\nif [ $? != 0 ] ; then\n    # print error to STDERR\n    echo \"error: The sandbox is not in sync with the Podfile.lock. Run 'pod install' or update your CocoaPods installation.\" >&2\n    exit 1\nfi\n# This output is used by Xcode 'outputs' to avoid re-running this script phase.\necho \"SUCCESS\" > \"${SCRIPT_OUTPUT_FILE_0}\"\n";
			showEnvVarsInLog = 0;
		};
		4C9AAB72188EBA569014677C /* [CP] Embed Pods Frameworks */ = {
			isa = PBXShellScriptBuildPhase;
			buildActionMask = 2147483647;
			files = (
			);
			inputPaths = (
			);
			name = "[CP] Embed Pods Frameworks";
			outputPaths = (
			);
			runOnlyForDeploymentPostprocessing = 0;
			shellPath = /bin/sh;
			shellScript = "\"${SRCROOT}/Pods/Target Support Files/Pods-iGramTests/Pods-iGramTests-frameworks.sh\"\n";
			showEnvVarsInLog = 0;
		};
		649EB64E00C105EF6727B812 /* [CP] Embed Pods Frameworks */ = {
			isa = PBXShellScriptBuildPhase;
			buildActionMask = 2147483647;
			files = (
			);
			inputPaths = (
				"${SRCROOT}/Pods/Target Support Files/Pods-iGram/Pods-iGram-frameworks.sh",
				"${BUILT_PRODUCTS_DIR}/Alamofire/Alamofire.framework",
				"${BUILT_PRODUCTS_DIR}/Hero/Hero.framework",
				"${BUILT_PRODUCTS_DIR}/HexColors/HexColors.framework",
				"${BUILT_PRODUCTS_DIR}/IGListKit/IGListKit.framework",
				"${BUILT_PRODUCTS_DIR}/KeychainAccess/KeychainAccess.framework",
				"${BUILT_PRODUCTS_DIR}/NVActivityIndicatorView/NVActivityIndicatorView.framework",
				"${BUILT_PRODUCTS_DIR}/PPTopMostController/PPTopMostController.framework",
				"${BUILT_PRODUCTS_DIR}/R.swift.Library/Rswift.framework",
				"${BUILT_PRODUCTS_DIR}/RMessage/RMessage.framework",
				"${BUILT_PRODUCTS_DIR}/SDWebImage/SDWebImage.framework",
				"${BUILT_PRODUCTS_DIR}/SwiftyJSON/SwiftyJSON.framework",
			);
			name = "[CP] Embed Pods Frameworks";
			outputPaths = (
				"${TARGET_BUILD_DIR}/${FRAMEWORKS_FOLDER_PATH}/Alamofire.framework",
				"${TARGET_BUILD_DIR}/${FRAMEWORKS_FOLDER_PATH}/Hero.framework",
				"${TARGET_BUILD_DIR}/${FRAMEWORKS_FOLDER_PATH}/HexColors.framework",
				"${TARGET_BUILD_DIR}/${FRAMEWORKS_FOLDER_PATH}/IGListKit.framework",
				"${TARGET_BUILD_DIR}/${FRAMEWORKS_FOLDER_PATH}/KeychainAccess.framework",
				"${TARGET_BUILD_DIR}/${FRAMEWORKS_FOLDER_PATH}/NVActivityIndicatorView.framework",
				"${TARGET_BUILD_DIR}/${FRAMEWORKS_FOLDER_PATH}/PPTopMostController.framework",
				"${TARGET_BUILD_DIR}/${FRAMEWORKS_FOLDER_PATH}/Rswift.framework",
				"${TARGET_BUILD_DIR}/${FRAMEWORKS_FOLDER_PATH}/RMessage.framework",
				"${TARGET_BUILD_DIR}/${FRAMEWORKS_FOLDER_PATH}/SDWebImage.framework",
				"${TARGET_BUILD_DIR}/${FRAMEWORKS_FOLDER_PATH}/SwiftyJSON.framework",
			);
			runOnlyForDeploymentPostprocessing = 0;
			shellPath = /bin/sh;
			shellScript = "\"${SRCROOT}/Pods/Target Support Files/Pods-iGram/Pods-iGram-frameworks.sh\"\n";
			showEnvVarsInLog = 0;
		};
		64C03765BA433B69FD1DF5EB /* [CP] Copy Pods Resources */ = {
			isa = PBXShellScriptBuildPhase;
			buildActionMask = 2147483647;
			files = (
			);
			inputPaths = (
			);
			name = "[CP] Copy Pods Resources";
			outputPaths = (
			);
			runOnlyForDeploymentPostprocessing = 0;
			shellPath = /bin/sh;
			shellScript = "\"${SRCROOT}/Pods/Target Support Files/Pods-iGram/Pods-iGram-resources.sh\"\n";
			showEnvVarsInLog = 0;
		};
		97CB926AE73A466F521993C6 /* [CP] Check Pods Manifest.lock */ = {
			isa = PBXShellScriptBuildPhase;
			buildActionMask = 2147483647;
			files = (
			);
			inputPaths = (
				"${PODS_PODFILE_DIR_PATH}/Podfile.lock",
				"${PODS_ROOT}/Manifest.lock",
			);
			name = "[CP] Check Pods Manifest.lock";
			outputPaths = (
				"$(DERIVED_FILE_DIR)/Pods-iGramTests-checkManifestLockResult.txt",
			);
			runOnlyForDeploymentPostprocessing = 0;
			shellPath = /bin/sh;
			shellScript = "diff \"${PODS_PODFILE_DIR_PATH}/Podfile.lock\" \"${PODS_ROOT}/Manifest.lock\" > /dev/null\nif [ $? != 0 ] ; then\n    # print error to STDERR\n    echo \"error: The sandbox is not in sync with the Podfile.lock. Run 'pod install' or update your CocoaPods installation.\" >&2\n    exit 1\nfi\n# This output is used by Xcode 'outputs' to avoid re-running this script phase.\necho \"SUCCESS\" > \"${SCRIPT_OUTPUT_FILE_0}\"\n";
			showEnvVarsInLog = 0;
		};
		C1B2A7D61F62D17DC2BAA687 /* [CP] Copy Pods Resources */ = {
			isa = PBXShellScriptBuildPhase;
			buildActionMask = 2147483647;
			files = (
			);
			inputPaths = (
			);
			name = "[CP] Copy Pods Resources";
			outputPaths = (
			);
			runOnlyForDeploymentPostprocessing = 0;
			shellPath = /bin/sh;
			shellScript = "\"${SRCROOT}/Pods/Target Support Files/Pods-iGramUITests/Pods-iGramUITests-resources.sh\"\n";
			showEnvVarsInLog = 0;
		};
		C3BCFF04CBC06D3B6986B2C9 /* [CP] Copy Pods Resources */ = {
			isa = PBXShellScriptBuildPhase;
			buildActionMask = 2147483647;
			files = (
			);
			inputPaths = (
			);
			name = "[CP] Copy Pods Resources";
			outputPaths = (
			);
			runOnlyForDeploymentPostprocessing = 0;
			shellPath = /bin/sh;
			shellScript = "\"${SRCROOT}/Pods/Target Support Files/Pods-iGramTests/Pods-iGramTests-resources.sh\"\n";
			showEnvVarsInLog = 0;
		};
		D213E31159255CAEEF6D3E89 /* [CP] Check Pods Manifest.lock */ = {
			isa = PBXShellScriptBuildPhase;
			buildActionMask = 2147483647;
			files = (
			);
			inputPaths = (
				"${PODS_PODFILE_DIR_PATH}/Podfile.lock",
				"${PODS_ROOT}/Manifest.lock",
			);
			name = "[CP] Check Pods Manifest.lock";
			outputPaths = (
				"$(DERIVED_FILE_DIR)/Pods-iGramUITests-checkManifestLockResult.txt",
			);
			runOnlyForDeploymentPostprocessing = 0;
			shellPath = /bin/sh;
			shellScript = "diff \"${PODS_PODFILE_DIR_PATH}/Podfile.lock\" \"${PODS_ROOT}/Manifest.lock\" > /dev/null\nif [ $? != 0 ] ; then\n    # print error to STDERR\n    echo \"error: The sandbox is not in sync with the Podfile.lock. Run 'pod install' or update your CocoaPods installation.\" >&2\n    exit 1\nfi\n# This output is used by Xcode 'outputs' to avoid re-running this script phase.\necho \"SUCCESS\" > \"${SCRIPT_OUTPUT_FILE_0}\"\n";
			showEnvVarsInLog = 0;
		};
/* End PBXShellScriptBuildPhase section */

/* Begin PBXSourcesBuildPhase section */
		3331D1E71F82566E0027BA11 /* Sources */ = {
			isa = PBXSourcesBuildPhase;
			buildActionMask = 2147483647;
			files = (
				33BD01C31F8267CC0047132A /* MediaGalleryCollectionViewController.swift in Sources */,
				33BD01C61F826A370047132A /* IGNetworkManager.swift in Sources */,
				33F283061F82A3D0002E854B /* IGSettings.swift in Sources */,
				33BD01CA1F8281850047132A /* IGLoginViewController.swift in Sources */,
				3331D1EF1F82566E0027BA11 /* AppDelegate.swift in Sources */,
				33EF48071F82EB1F00E08295 /* MediaCollectionViewCell.swift in Sources */,
				33BD01C81F826F470047132A /* IGNetworkRouter.swift in Sources */,
				33F2830A1F82BD21002E854B /* IGUser.swift in Sources */,
				33BD01D51F82887F0047132A /* R.generated.swift in Sources */,
				33F2830C1F82CC07002E854B /* IGMedia.swift in Sources */,
			);
			runOnlyForDeploymentPostprocessing = 0;
		};
		3331D1FB1F82566E0027BA11 /* Sources */ = {
			isa = PBXSourcesBuildPhase;
			buildActionMask = 2147483647;
			files = (
				33F283161F82E192002E854B /* NetworkManagerTests.swift in Sources */,
				33F283101F82D706002E854B /* IGMediaTests.swift in Sources */,
				33F2830E1F82D6FA002E854B /* IGUserTests.swift in Sources */,
				33F283081F82B642002E854B /* SettingsTests.swift in Sources */,
				3331D2041F82566E0027BA11 /* iGramTests.swift in Sources */,
			);
			runOnlyForDeploymentPostprocessing = 0;
		};
		3331D2061F82566E0027BA11 /* Sources */ = {
			isa = PBXSourcesBuildPhase;
			buildActionMask = 2147483647;
			files = (
				3331D20F1F82566E0027BA11 /* iGramUITests.swift in Sources */,
			);
			runOnlyForDeploymentPostprocessing = 0;
		};
/* End PBXSourcesBuildPhase section */

/* Begin PBXTargetDependency section */
		3331D2011F82566E0027BA11 /* PBXTargetDependency */ = {
			isa = PBXTargetDependency;
			target = 3331D1EA1F82566E0027BA11 /* iGram */;
			targetProxy = 3331D2001F82566E0027BA11 /* PBXContainerItemProxy */;
		};
		3331D20C1F82566E0027BA11 /* PBXTargetDependency */ = {
			isa = PBXTargetDependency;
			target = 3331D1EA1F82566E0027BA11 /* iGram */;
			targetProxy = 3331D20B1F82566E0027BA11 /* PBXContainerItemProxy */;
		};
/* End PBXTargetDependency section */

/* Begin PBXVariantGroup section */
		3331D1F21F82566E0027BA11 /* Main.storyboard */ = {
			isa = PBXVariantGroup;
			children = (
				3331D1F31F82566E0027BA11 /* Base */,
			);
			name = Main.storyboard;
			sourceTree = "<group>";
		};
		3331D1F71F82566E0027BA11 /* LaunchScreen.storyboard */ = {
			isa = PBXVariantGroup;
			children = (
				3331D1F81F82566E0027BA11 /* Base */,
			);
			name = LaunchScreen.storyboard;
			sourceTree = "<group>";
		};
		33BD01CD1F8283C30047132A /* Localizable.strings */ = {
			isa = PBXVariantGroup;
			children = (
				33BD01CE1F8283C30047132A /* Base */,
				33BD01D01F8284250047132A /* en */,
			);
			name = Localizable.strings;
			sourceTree = "<group>";
		};
/* End PBXVariantGroup section */

/* Begin XCBuildConfiguration section */
		3331D2111F82566E0027BA11 /* Debug */ = {
			isa = XCBuildConfiguration;
			buildSettings = {
				ALWAYS_SEARCH_USER_PATHS = NO;
				CLANG_ANALYZER_NONNULL = YES;
				CLANG_ANALYZER_NUMBER_OBJECT_CONVERSION = YES_AGGRESSIVE;
				CLANG_CXX_LANGUAGE_STANDARD = "gnu++14";
				CLANG_CXX_LIBRARY = "libc++";
				CLANG_ENABLE_MODULES = YES;
				CLANG_ENABLE_OBJC_ARC = YES;
				CLANG_WARN_BLOCK_CAPTURE_AUTORELEASING = YES;
				CLANG_WARN_BOOL_CONVERSION = YES;
				CLANG_WARN_COMMA = YES;
				CLANG_WARN_CONSTANT_CONVERSION = YES;
				CLANG_WARN_DIRECT_OBJC_ISA_USAGE = YES_ERROR;
				CLANG_WARN_DOCUMENTATION_COMMENTS = YES;
				CLANG_WARN_EMPTY_BODY = YES;
				CLANG_WARN_ENUM_CONVERSION = YES;
				CLANG_WARN_INFINITE_RECURSION = YES;
				CLANG_WARN_INT_CONVERSION = YES;
				CLANG_WARN_NON_LITERAL_NULL_CONVERSION = YES;
				CLANG_WARN_OBJC_LITERAL_CONVERSION = YES;
				CLANG_WARN_OBJC_ROOT_CLASS = YES_ERROR;
				CLANG_WARN_RANGE_LOOP_ANALYSIS = YES;
				CLANG_WARN_STRICT_PROTOTYPES = YES;
				CLANG_WARN_SUSPICIOUS_MOVE = YES;
				CLANG_WARN_UNGUARDED_AVAILABILITY = YES_AGGRESSIVE;
				CLANG_WARN_UNREACHABLE_CODE = YES;
				CLANG_WARN__DUPLICATE_METHOD_MATCH = YES;
				CODE_SIGN_IDENTITY = "iPhone Developer";
				COPY_PHASE_STRIP = NO;
				DEBUG_INFORMATION_FORMAT = dwarf;
				ENABLE_STRICT_OBJC_MSGSEND = YES;
				ENABLE_TESTABILITY = YES;
				GCC_C_LANGUAGE_STANDARD = gnu11;
				GCC_DYNAMIC_NO_PIC = NO;
				GCC_NO_COMMON_BLOCKS = YES;
				GCC_OPTIMIZATION_LEVEL = 0;
				GCC_PREPROCESSOR_DEFINITIONS = (
					"DEBUG=1",
					"$(inherited)",
				);
				GCC_WARN_64_TO_32_BIT_CONVERSION = YES;
				GCC_WARN_ABOUT_RETURN_TYPE = YES_ERROR;
				GCC_WARN_UNDECLARED_SELECTOR = YES;
				GCC_WARN_UNINITIALIZED_AUTOS = YES_AGGRESSIVE;
				GCC_WARN_UNUSED_FUNCTION = YES;
				GCC_WARN_UNUSED_VARIABLE = YES;
				IPHONEOS_DEPLOYMENT_TARGET = 9.3;
				MTL_ENABLE_DEBUG_INFO = YES;
				ONLY_ACTIVE_ARCH = YES;
				SDKROOT = iphoneos;
				SWIFT_ACTIVE_COMPILATION_CONDITIONS = DEBUG;
				SWIFT_OPTIMIZATION_LEVEL = "-Onone";
			};
			name = Debug;
		};
		3331D2121F82566E0027BA11 /* Release */ = {
			isa = XCBuildConfiguration;
			buildSettings = {
				ALWAYS_SEARCH_USER_PATHS = NO;
				CLANG_ANALYZER_NONNULL = YES;
				CLANG_ANALYZER_NUMBER_OBJECT_CONVERSION = YES_AGGRESSIVE;
				CLANG_CXX_LANGUAGE_STANDARD = "gnu++14";
				CLANG_CXX_LIBRARY = "libc++";
				CLANG_ENABLE_MODULES = YES;
				CLANG_ENABLE_OBJC_ARC = YES;
				CLANG_WARN_BLOCK_CAPTURE_AUTORELEASING = YES;
				CLANG_WARN_BOOL_CONVERSION = YES;
				CLANG_WARN_COMMA = YES;
				CLANG_WARN_CONSTANT_CONVERSION = YES;
				CLANG_WARN_DIRECT_OBJC_ISA_USAGE = YES_ERROR;
				CLANG_WARN_DOCUMENTATION_COMMENTS = YES;
				CLANG_WARN_EMPTY_BODY = YES;
				CLANG_WARN_ENUM_CONVERSION = YES;
				CLANG_WARN_INFINITE_RECURSION = YES;
				CLANG_WARN_INT_CONVERSION = YES;
				CLANG_WARN_NON_LITERAL_NULL_CONVERSION = YES;
				CLANG_WARN_OBJC_LITERAL_CONVERSION = YES;
				CLANG_WARN_OBJC_ROOT_CLASS = YES_ERROR;
				CLANG_WARN_RANGE_LOOP_ANALYSIS = YES;
				CLANG_WARN_STRICT_PROTOTYPES = YES;
				CLANG_WARN_SUSPICIOUS_MOVE = YES;
				CLANG_WARN_UNGUARDED_AVAILABILITY = YES_AGGRESSIVE;
				CLANG_WARN_UNREACHABLE_CODE = YES;
				CLANG_WARN__DUPLICATE_METHOD_MATCH = YES;
				CODE_SIGN_IDENTITY = "iPhone Developer";
				COPY_PHASE_STRIP = NO;
				DEBUG_INFORMATION_FORMAT = "dwarf-with-dsym";
				ENABLE_NS_ASSERTIONS = NO;
				ENABLE_STRICT_OBJC_MSGSEND = YES;
				GCC_C_LANGUAGE_STANDARD = gnu11;
				GCC_NO_COMMON_BLOCKS = YES;
				GCC_WARN_64_TO_32_BIT_CONVERSION = YES;
				GCC_WARN_ABOUT_RETURN_TYPE = YES_ERROR;
				GCC_WARN_UNDECLARED_SELECTOR = YES;
				GCC_WARN_UNINITIALIZED_AUTOS = YES_AGGRESSIVE;
				GCC_WARN_UNUSED_FUNCTION = YES;
				GCC_WARN_UNUSED_VARIABLE = YES;
				IPHONEOS_DEPLOYMENT_TARGET = 9.3;
				MTL_ENABLE_DEBUG_INFO = NO;
				SDKROOT = iphoneos;
				SWIFT_OPTIMIZATION_LEVEL = "-Owholemodule";
				VALIDATE_PRODUCT = YES;
			};
			name = Release;
		};
		3331D2141F82566E0027BA11 /* Debug */ = {
			isa = XCBuildConfiguration;
			baseConfigurationReference = 6C80681AFC4C27FF026EC8BC /* Pods-iGram.debug.xcconfig */;
			buildSettings = {
				ASSETCATALOG_COMPILER_APPICON_NAME = AppIcon;
				CODE_SIGN_STYLE = Automatic;
				DEVELOPMENT_TEAM = Z97F83GR8X;
				INFOPLIST_FILE = iGram/Info.plist;
				IPHONEOS_DEPLOYMENT_TARGET = 9.3;
				LD_RUNPATH_SEARCH_PATHS = "$(inherited) @executable_path/Frameworks";
				PRODUCT_BUNDLE_IDENTIFIER = com.genius.iGram;
				PRODUCT_NAME = "$(TARGET_NAME)";
				SWIFT_VERSION = 3.0;
				TARGETED_DEVICE_FAMILY = "1,2";
			};
			name = Debug;
		};
		3331D2151F82566E0027BA11 /* Release */ = {
			isa = XCBuildConfiguration;
			baseConfigurationReference = 775CD0CB5E37C4457E021C7D /* Pods-iGram.release.xcconfig */;
			buildSettings = {
				ASSETCATALOG_COMPILER_APPICON_NAME = AppIcon;
				CODE_SIGN_STYLE = Automatic;
				DEVELOPMENT_TEAM = Z97F83GR8X;
				INFOPLIST_FILE = iGram/Info.plist;
				IPHONEOS_DEPLOYMENT_TARGET = 9.3;
				LD_RUNPATH_SEARCH_PATHS = "$(inherited) @executable_path/Frameworks";
				PRODUCT_BUNDLE_IDENTIFIER = com.genius.iGram;
				PRODUCT_NAME = "$(TARGET_NAME)";
				SWIFT_VERSION = 3.0;
				TARGETED_DEVICE_FAMILY = "1,2";
			};
			name = Release;
		};
		3331D2171F82566E0027BA11 /* Debug */ = {
			isa = XCBuildConfiguration;
			baseConfigurationReference = 367537E083FC9EE32FC1A353 /* Pods-iGramTests.debug.xcconfig */;
			buildSettings = {
				ALWAYS_EMBED_SWIFT_STANDARD_LIBRARIES = YES;
				BUNDLE_LOADER = "$(TEST_HOST)";
				CODE_SIGN_STYLE = Automatic;
				DEVELOPMENT_TEAM = Z97F83GR8X;
				INFOPLIST_FILE = iGramTests/Info.plist;
				LD_RUNPATH_SEARCH_PATHS = "$(inherited) @executable_path/Frameworks @loader_path/Frameworks";
				PRODUCT_BUNDLE_IDENTIFIER = com.genius.iGramTests;
				PRODUCT_NAME = "$(TARGET_NAME)";
				SWIFT_VERSION = 4.0;
				TARGETED_DEVICE_FAMILY = "1,2";
				TEST_HOST = "$(BUILT_PRODUCTS_DIR)/iGram.app/iGram";
			};
			name = Debug;
		};
		3331D2181F82566E0027BA11 /* Release */ = {
			isa = XCBuildConfiguration;
			baseConfigurationReference = 9D618FF69BB92B66B38FA138 /* Pods-iGramTests.release.xcconfig */;
			buildSettings = {
				ALWAYS_EMBED_SWIFT_STANDARD_LIBRARIES = YES;
				BUNDLE_LOADER = "$(TEST_HOST)";
				CODE_SIGN_STYLE = Automatic;
				DEVELOPMENT_TEAM = Z97F83GR8X;
				INFOPLIST_FILE = iGramTests/Info.plist;
				LD_RUNPATH_SEARCH_PATHS = "$(inherited) @executable_path/Frameworks @loader_path/Frameworks";
				PRODUCT_BUNDLE_IDENTIFIER = com.genius.iGramTests;
				PRODUCT_NAME = "$(TARGET_NAME)";
				SWIFT_VERSION = 4.0;
				TARGETED_DEVICE_FAMILY = "1,2";
				TEST_HOST = "$(BUILT_PRODUCTS_DIR)/iGram.app/iGram";
			};
			name = Release;
		};
		3331D21A1F82566E0027BA11 /* Debug */ = {
			isa = XCBuildConfiguration;
			baseConfigurationReference = D3E6A1C79403DE71BB7E64BC /* Pods-iGramUITests.debug.xcconfig */;
			buildSettings = {
				ALWAYS_EMBED_SWIFT_STANDARD_LIBRARIES = YES;
				CODE_SIGN_STYLE = Automatic;
				DEVELOPMENT_TEAM = Z97F83GR8X;
				INFOPLIST_FILE = iGramUITests/Info.plist;
				LD_RUNPATH_SEARCH_PATHS = "$(inherited) @executable_path/Frameworks @loader_path/Frameworks";
				PRODUCT_BUNDLE_IDENTIFIER = com.genius.iGramUITests;
				PRODUCT_NAME = "$(TARGET_NAME)";
				SWIFT_VERSION = 4.0;
				TARGETED_DEVICE_FAMILY = "1,2";
				TEST_TARGET_NAME = iGram;
			};
			name = Debug;
		};
		3331D21B1F82566E0027BA11 /* Release */ = {
			isa = XCBuildConfiguration;
			baseConfigurationReference = 1C38FA06B4475769B6259304 /* Pods-iGramUITests.release.xcconfig */;
			buildSettings = {
				ALWAYS_EMBED_SWIFT_STANDARD_LIBRARIES = YES;
				CODE_SIGN_STYLE = Automatic;
				DEVELOPMENT_TEAM = Z97F83GR8X;
				INFOPLIST_FILE = iGramUITests/Info.plist;
				LD_RUNPATH_SEARCH_PATHS = "$(inherited) @executable_path/Frameworks @loader_path/Frameworks";
				PRODUCT_BUNDLE_IDENTIFIER = com.genius.iGramUITests;
				PRODUCT_NAME = "$(TARGET_NAME)";
				SWIFT_VERSION = 4.0;
				TARGETED_DEVICE_FAMILY = "1,2";
				TEST_TARGET_NAME = iGram;
			};
			name = Release;
		};
/* End XCBuildConfiguration section */

/* Begin XCConfigurationList section */
		3331D1E61F82566E0027BA11 /* Build configuration list for PBXProject "iGram" */ = {
			isa = XCConfigurationList;
			buildConfigurations = (
				3331D2111F82566E0027BA11 /* Debug */,
				3331D2121F82566E0027BA11 /* Release */,
			);
			defaultConfigurationIsVisible = 0;
			defaultConfigurationName = Release;
		};
		3331D2131F82566E0027BA11 /* Build configuration list for PBXNativeTarget "iGram" */ = {
			isa = XCConfigurationList;
			buildConfigurations = (
				3331D2141F82566E0027BA11 /* Debug */,
				3331D2151F82566E0027BA11 /* Release */,
			);
			defaultConfigurationIsVisible = 0;
			defaultConfigurationName = Release;
		};
		3331D2161F82566E0027BA11 /* Build configuration list for PBXNativeTarget "iGramTests" */ = {
			isa = XCConfigurationList;
			buildConfigurations = (
				3331D2171F82566E0027BA11 /* Debug */,
				3331D2181F82566E0027BA11 /* Release */,
			);
			defaultConfigurationIsVisible = 0;
			defaultConfigurationName = Release;
		};
		3331D2191F82566E0027BA11 /* Build configuration list for PBXNativeTarget "iGramUITests" */ = {
			isa = XCConfigurationList;
			buildConfigurations = (
				3331D21A1F82566E0027BA11 /* Debug */,
				3331D21B1F82566E0027BA11 /* Release */,
			);
			defaultConfigurationIsVisible = 0;
			defaultConfigurationName = Release;
		};
/* End XCConfigurationList section */
	};
	rootObject = 3331D1E31F82566E0027BA11 /* Project object */;
}
